Microsoft Visual Studio Solution File, Format Version 12.00
# Visual Studio 2012
Project("{FAE04EC0-301F-11D3-BF4B-00C04F79EFBC}") = "MiniScript C#", "MiniScript C#.csproj", "{AAD42E1C-DD05-4A83-A497-E30EEFAED9EA}"
EndProject
Global
	GlobalSection(SolutionConfigurationPlatforms) = preSolution
	Debug|Any CPU = Debug|Any CPU
	ExportDebug|Any CPU = ExportDebug|Any CPU
	ExportRelease|Any CPU = ExportRelease|Any CPU
	EndGlobalSection
	GlobalSection(ProjectConfigurationPlatforms) = postSolution
		{AAD42E1C-DD05-4A83-A497-E30EEFAED9EA}.Debug|Any CPU.ActiveCfg = Debug|Any CPU
		{AAD42E1C-DD05-4A83-A497-E30EEFAED9EA}.Debug|Any CPU.Build.0 = Debug|Any CPU
		{AAD42E1C-DD05-4A83-A497-E30EEFAED9EA}.ExportDebug|Any CPU.ActiveCfg = ExportDebug|Any CPU
		{AAD42E1C-DD05-4A83-A497-E30EEFAED9EA}.ExportDebug|Any CPU.Build.0 = ExportDebug|Any CPU
		{AAD42E1C-DD05-4A83-A497-E30EEFAED9EA}.ExportRelease|Any CPU.ActiveCfg = ExportRelease|Any CPU
		{AAD42E1C-DD05-4A83-A497-E30EEFAED9EA}.ExportRelease|Any CPU.Build.0 = ExportRelease|Any CPU
	EndGlobalSection
EndGlobal
